
Microsoft Visual Studio Solution File, Format Version 12.00
# Visual Studio Version 16
VisualStudioVersion = 16.0.30523.141
MinimumVisualStudioVersion = 10.0.40219.1
Project("{FAE04EC0-301F-11D3-BF4B-00C04F79EFBC}") = "TaskManager.Android", "TaskManager\TaskManager.Android\TaskManager.Android.csproj", "{2F1B25D6-005E-46AB-9A5E-EC238FE84F68}"
EndProject
Project("{FAE04EC0-301F-11D3-BF4B-00C04F79EFBC}") = "TaskManager", "TaskManager\TaskManager\TaskManager.csproj", "{19D35C9E-59EE-464B-8125-AFF37951E7F6}"
EndProject
Global
	GlobalSection(SolutionConfigurationPlatforms) = preSolution
		Debug|Any CPU = Debug|Any CPU
		Release|Any CPU = Release|Any CPU
	EndGlobalSection
	GlobalSection(ProjectConfigurationPlatforms) = postSolution
		{2F1B25D6-005E-46AB-9A5E-EC238FE84F68}.Debug|Any CPU.ActiveCfg = Debug|Any CPU
		{2F1B25D6-005E-46AB-9A5E-EC238FE84F68}.Debug|Any CPU.Build.0 = Debug|Any CPU
		{2F1B25D6-005E-46AB-9A5E-EC238FE84F68}.Debug|Any CPU.Deploy.0 = Debug|Any CPU
		{2F1B25D6-005E-46AB-9A5E-EC238FE84F68}.Release|Any CPU.ActiveCfg = Release|Any CPU
		{2F1B25D6-005E-46AB-9A5E-EC238FE84F68}.Release|Any CPU.Build.0 = Release|Any CPU
		{2F1B25D6-005E-46AB-9A5E-EC238FE84F68}.Release|Any CPU.Deploy.0 = Release|Any CPU
		{19D35C9E-59EE-464B-8125-AFF37951E7F6}.Debug|Any CPU.ActiveCfg = Debug|Any CPU
		{19D35C9E-59EE-464B-8125-AFF37951E7F6}.Debug|Any CPU.Build.0 = Debug|Any CPU
		{19D35C9E-59EE-464B-8125-AFF37951E7F6}.Debug|Any CPU.Deploy.0 = Debug|Any CPU
		{19D35C9E-59EE-464B-8125-AFF37951E7F6}.Release|Any CPU.ActiveCfg = Release|Any CPU
		{19D35C9E-59EE-464B-8125-AFF37951E7F6}.Release|Any CPU.Build.0 = Release|Any CPU
		{19D35C9E-59EE-464B-8125-AFF37951E7F6}.Release|Any CPU.Deploy.0 = Release|Any CPU
	EndGlobalSection
	GlobalSection(SolutionProperties) = preSolution
		HideSolutionNode = FALSE
	EndGlobalSection
	GlobalSection(ExtensibilityGlobals) = postSolution
		SolutionGuid = {D1DFBFCE-1657-422E-B37E-DA5EC249F4AF}
	EndGlobalSection
EndGlobal
